# This file is autogenerated, do not edit; changes may be undone by the next 'dep ensure'.


[[projects]]
  name = "github.com/aws/aws-lambda-go"
  packages = [
    "events",
    "lambda",
    "lambda/messages",
    "lambdacontext"
  ]
  revision = "fafa7e49388b8991caf99308e80655ba91816b72"
  version = "v1.1.0"

[[projects]]
  branch = "time-stamped"
  name = "github.com/buildkite/go-buildkite"
  packages = ["buildkite"]
  revision = "f4acbc4ccc10f8e96e42acbd47cb6a175cc4daae"
  source = "github.com/euank/go-buildkite"

[[projects]]
  name = "github.com/cenkalti/backoff"
  packages = ["."]
  revision = "61153c768f31ee5f130071d08fc82b85208528de"
  version = "v1.1.0"

[[projects]]
  branch = "master"
  name = "github.com/google/go-querystring"
  packages = ["query"]
  revision = "53e6ce116135b80d037921a7fdd5138cf32d7a8a"

[[projects]]
  branch = "master"
  name = "golang.org/x/net"
  packages = ["context"]
  revision = "6078986fec03a1dcc236c34816c71b0e05018fda"

[solve-meta]
  analyzer-name = "dep"
  analyzer-version = 1
  inputs-digest = "e077c3fb6cd1d709a0eada77ee9eff8ec0fce71415f066bc5df1f9555cfd0612"
  solver-name = "gps-cdcl"
  solver-version = 1
